
Microsoft Visual Studio Solution File, Format Version 12.00
# Visual Studio Version 16
VisualStudioVersion = 16.0.32802.440
MinimumVisualStudioVersion = 10.0.40219.1
Project("{FAE04EC0-301F-11D3-BF4B-00C04F79EFBC}") = "MatrixPOO.Consola", "MatrixPOO.Consola\MatrixPOO.Consola.csproj", "{20089A8B-6752-4E61-8A74-6F59AACF90E3}"
EndProject
Project("{FAE04EC0-301F-11D3-BF4B-00C04F79EFBC}") = "MatrixPOO.Entidades", "MatrixPOO.Entidades\MatrixPOO.Entidades.csproj", "{11D3DB63-0FCF-4FB6-AF88-A396F713E3C5}"
EndProject
Global
	GlobalSection(SolutionConfigurationPlatforms) = preSolution
		Debug|Any CPU = Debug|Any CPU
		Release|Any CPU = Release|Any CPU
	EndGlobalSection
	GlobalSection(ProjectConfigurationPlatforms) = postSolution
		{20089A8B-6752-4E61-8A74-6F59AACF90E3}.Debug|Any CPU.ActiveCfg = Debug|Any CPU
		{20089A8B-6752-4E61-8A74-6F59AACF90E3}.Debug|Any CPU.Build.0 = Debug|Any CPU
		{20089A8B-6752-4E61-8A74-6F59AACF90E3}.Release|Any CPU.ActiveCfg = Release|Any CPU
		{20089A8B-6752-4E61-8A74-6F59AACF90E3}.Release|Any CPU.Build.0 = Release|Any CPU
		{11D3DB63-0FCF-4FB6-AF88-A396F713E3C5}.Debug|Any CPU.ActiveCfg = Debug|Any CPU
		{11D3DB63-0FCF-4FB6-AF88-A396F713E3C5}.Debug|Any CPU.Build.0 = Debug|Any CPU
		{11D3DB63-0FCF-4FB6-AF88-A396F713E3C5}.Release|Any CPU.ActiveCfg = Release|Any CPU
		{11D3DB63-0FCF-4FB6-AF88-A396F713E3C5}.Release|Any CPU.Build.0 = Release|Any CPU
	EndGlobalSection
	GlobalSection(SolutionProperties) = preSolution
		HideSolutionNode = FALSE
	EndGlobalSection
	GlobalSection(ExtensibilityGlobals) = postSolution
		SolutionGuid = {54245D78-3795-4517-A867-9561B585A112}
	EndGlobalSection
EndGlobal
